
Microsoft Visual Studio Solution File, Format Version 12.00
# Visual Studio 2012
Project("{FAE04EC0-301F-11D3-BF4B-00C04F79EFBC}") = "MvcApplication2", "MvcApplication2\MvcApplication2.csproj", "{BDF19D37-1E80-487F-95E2-DD1BA2235050}"
EndProject
Project("{2150E333-8FDC-42A3-9474-1A3956D46DE8}") = "Capas", "Capas", "{E9109383-65F0-41A2-A053-898ABE6B17B1}"
EndProject
Project("{2150E333-8FDC-42A3-9474-1A3956D46DE8}") = "1.1Presentacion", "1.1Presentacion", "{3CAFC042-AD15-4280-8EE0-E853044D03B4}"
EndProject
Project("{2150E333-8FDC-42A3-9474-1A3956D46DE8}") = "Web", "Web", "{9B4E6980-988F-4D57-B667-A897EB2B4165}"
EndProject
Project("{2150E333-8FDC-42A3-9474-1A3956D46DE8}") = "ASP.NETMVC", "ASP.NETMVC", "{9E3CEF59-69DA-4590-9BAF-3FDEFCA6573F}"
EndProject
Project("{2150E333-8FDC-42A3-9474-1A3956D46DE8}") = "1.2Servicios", "1.2Servicios", "{9C229804-76DD-4CF7-84BE-60C24DB146BA}"
EndProject
Project("{2150E333-8FDC-42A3-9474-1A3956D46DE8}") = "1.3Dominio", "1.3Dominio", "{FEC425F4-B4D6-4E04-A6B9-4013543F1793}"
EndProject
Project("{2150E333-8FDC-42A3-9474-1A3956D46DE8}") = "1.4 Infraestructura", "1.4 Infraestructura", "{61670AE2-C749-4FA0-BF7D-9A79E0FB070A}"
EndProject
Project("{2150E333-8FDC-42A3-9474-1A3956D46DE8}") = "Core", "Core", "{D2FE634D-8693-4D19-94C4-D46254A95D9A}"
EndProject
Project("{2150E333-8FDC-42A3-9474-1A3956D46DE8}") = "Main Module", "Main Module", "{A7D11969-EC7D-4AB5-AA29-298A2E1F61D2}"
EndProject
Project("{FAE04EC0-301F-11D3-BF4B-00C04F79EFBC}") = "Dominio.Core.Entities", "Dominio.Core.Entities\Dominio.Core.Entities.csproj", "{0AB7900F-5B66-4183-B7CA-06E5F3157CA7}"
EndProject
Project("{FAE04EC0-301F-11D3-BF4B-00C04F79EFBC}") = "Dominio.Main.Module", "Dominio.Main.Module\Dominio.Main.Module.csproj", "{BFCF2BDF-A55E-4CCA-88D7-4076386CBB14}"
EndProject
Project("{FAE04EC0-301F-11D3-BF4B-00C04F79EFBC}") = "Infraestructura.Data.SQL.Server", "Infraestructura.Data.SQL.Server\Infraestructura.Data.SQL.Server.csproj", "{C1BED77F-A25C-43BA-BB94-2E1B06211DBC}"
EndProject
Global
	GlobalSection(SolutionConfigurationPlatforms) = preSolution
		Debug|Any CPU = Debug|Any CPU
		Release|Any CPU = Release|Any CPU
	EndGlobalSection
	GlobalSection(ProjectConfigurationPlatforms) = postSolution
		{BDF19D37-1E80-487F-95E2-DD1BA2235050}.Debug|Any CPU.ActiveCfg = Debug|Any CPU
		{BDF19D37-1E80-487F-95E2-DD1BA2235050}.Debug|Any CPU.Build.0 = Debug|Any CPU
		{BDF19D37-1E80-487F-95E2-DD1BA2235050}.Release|Any CPU.ActiveCfg = Release|Any CPU
		{BDF19D37-1E80-487F-95E2-DD1BA2235050}.Release|Any CPU.Build.0 = Release|Any CPU
		{0AB7900F-5B66-4183-B7CA-06E5F3157CA7}.Debug|Any CPU.ActiveCfg = Debug|Any CPU
		{0AB7900F-5B66-4183-B7CA-06E5F3157CA7}.Debug|Any CPU.Build.0 = Debug|Any CPU
		{0AB7900F-5B66-4183-B7CA-06E5F3157CA7}.Release|Any CPU.ActiveCfg = Release|Any CPU
		{0AB7900F-5B66-4183-B7CA-06E5F3157CA7}.Release|Any CPU.Build.0 = Release|Any CPU
		{BFCF2BDF-A55E-4CCA-88D7-4076386CBB14}.Debug|Any CPU.ActiveCfg = Debug|Any CPU
		{BFCF2BDF-A55E-4CCA-88D7-4076386CBB14}.Debug|Any CPU.Build.0 = Debug|Any CPU
		{BFCF2BDF-A55E-4CCA-88D7-4076386CBB14}.Release|Any CPU.ActiveCfg = Release|Any CPU
		{BFCF2BDF-A55E-4CCA-88D7-4076386CBB14}.Release|Any CPU.Build.0 = Release|Any CPU
		{C1BED77F-A25C-43BA-BB94-2E1B06211DBC}.Debug|Any CPU.ActiveCfg = Debug|Any CPU
		{C1BED77F-A25C-43BA-BB94-2E1B06211DBC}.Debug|Any CPU.Build.0 = Debug|Any CPU
		{C1BED77F-A25C-43BA-BB94-2E1B06211DBC}.Release|Any CPU.ActiveCfg = Release|Any CPU
		{C1BED77F-A25C-43BA-BB94-2E1B06211DBC}.Release|Any CPU.Build.0 = Release|Any CPU
	EndGlobalSection
	GlobalSection(SolutionProperties) = preSolution
		HideSolutionNode = FALSE
	EndGlobalSection
	GlobalSection(NestedProjects) = preSolution
		{3CAFC042-AD15-4280-8EE0-E853044D03B4} = {E9109383-65F0-41A2-A053-898ABE6B17B1}
		{9C229804-76DD-4CF7-84BE-60C24DB146BA} = {E9109383-65F0-41A2-A053-898ABE6B17B1}
		{FEC425F4-B4D6-4E04-A6B9-4013543F1793} = {E9109383-65F0-41A2-A053-898ABE6B17B1}
		{61670AE2-C749-4FA0-BF7D-9A79E0FB070A} = {E9109383-65F0-41A2-A053-898ABE6B17B1}
		{9B4E6980-988F-4D57-B667-A897EB2B4165} = {3CAFC042-AD15-4280-8EE0-E853044D03B4}
		{9E3CEF59-69DA-4590-9BAF-3FDEFCA6573F} = {9B4E6980-988F-4D57-B667-A897EB2B4165}
		{BDF19D37-1E80-487F-95E2-DD1BA2235050} = {9E3CEF59-69DA-4590-9BAF-3FDEFCA6573F}
		{D2FE634D-8693-4D19-94C4-D46254A95D9A} = {FEC425F4-B4D6-4E04-A6B9-4013543F1793}
		{A7D11969-EC7D-4AB5-AA29-298A2E1F61D2} = {FEC425F4-B4D6-4E04-A6B9-4013543F1793}
		{C1BED77F-A25C-43BA-BB94-2E1B06211DBC} = {61670AE2-C749-4FA0-BF7D-9A79E0FB070A}
		{0AB7900F-5B66-4183-B7CA-06E5F3157CA7} = {D2FE634D-8693-4D19-94C4-D46254A95D9A}
		{BFCF2BDF-A55E-4CCA-88D7-4076386CBB14} = {A7D11969-EC7D-4AB5-AA29-298A2E1F61D2}
	EndGlobalSection
EndGlobal
